
Microsoft Visual Studio Solution File, Format Version 12.00
# Visual Studio Version 16
VisualStudioVersion = 16.0.29709.97
MinimumVisualStudioVersion = 10.0.40219.1
Project("{FAE04EC0-301F-11D3-BF4B-00C04F79EFBC}") = "Checkpoint2", "Checkpoint2\Checkpoint2.csproj", "{70520D1D-0587-44EA-959C-C5F2AF7C34CD}"
EndProject
Project("{FAE04EC0-301F-11D3-BF4B-00C04F79EFBC}") = "TestCheckpoint2", "TestCheckpoint2\TestCheckpoint2.csproj", "{ECDFCDC0-6693-4D9F-A9F1-2A32D26CC6B9}"
EndProject
Global
	GlobalSection(SolutionConfigurationPlatforms) = preSolution
		Debug|Any CPU = Debug|Any CPU
		Release|Any CPU = Release|Any CPU
	EndGlobalSection
	GlobalSection(ProjectConfigurationPlatforms) = postSolution
		{70520D1D-0587-44EA-959C-C5F2AF7C34CD}.Debug|Any CPU.ActiveCfg = Debug|Any CPU
		{70520D1D-0587-44EA-959C-C5F2AF7C34CD}.Debug|Any CPU.Build.0 = Debug|Any CPU
		{70520D1D-0587-44EA-959C-C5F2AF7C34CD}.Release|Any CPU.ActiveCfg = Release|Any CPU
		{70520D1D-0587-44EA-959C-C5F2AF7C34CD}.Release|Any CPU.Build.0 = Release|Any CPU
		{ECDFCDC0-6693-4D9F-A9F1-2A32D26CC6B9}.Debug|Any CPU.ActiveCfg = Debug|Any CPU
		{ECDFCDC0-6693-4D9F-A9F1-2A32D26CC6B9}.Debug|Any CPU.Build.0 = Debug|Any CPU
		{ECDFCDC0-6693-4D9F-A9F1-2A32D26CC6B9}.Release|Any CPU.ActiveCfg = Release|Any CPU
		{ECDFCDC0-6693-4D9F-A9F1-2A32D26CC6B9}.Release|Any CPU.Build.0 = Release|Any CPU
	EndGlobalSection
	GlobalSection(SolutionProperties) = preSolution
		HideSolutionNode = FALSE
	EndGlobalSection
	GlobalSection(ExtensibilityGlobals) = postSolution
		SolutionGuid = {4C1F06D7-FFCD-464E-93A1-92FAE2C43F14}
	EndGlobalSection
EndGlobal
